
Microsoft Visual Studio Solution File, Format Version 12.00
# Visual Studio 14
VisualStudioVersion = 14.0.25420.1
MinimumVisualStudioVersion = 10.0.40219.1
Project("{FAE04EC0-301F-11D3-BF4B-00C04F79EFBC}") = "Plugins.AnyEntity", "Plugins.AnyEntity\Plugins.AnyEntity.csproj", "{563C906A-65F3-4990-8E3C-E262DA0218AF}"
EndProject
Project("{FAE04EC0-301F-11D3-BF4B-00C04F79EFBC}") = "Plugins.AnyEntity.UnitTest", "Plugins.AnyEntity.UnitTest\Plugins.AnyEntity.UnitTest.csproj", "{0B831CB3-DE87-44A4-BB2A-7814EE7BCD18}"
EndProject
Global
	GlobalSection(SolutionConfigurationPlatforms) = preSolution
		Debug|Any CPU = Debug|Any CPU
		Release|Any CPU = Release|Any CPU
	EndGlobalSection
	GlobalSection(ProjectConfigurationPlatforms) = postSolution
		{563C906A-65F3-4990-8E3C-E262DA0218AF}.Debug|Any CPU.ActiveCfg = Debug|Any CPU
		{563C906A-65F3-4990-8E3C-E262DA0218AF}.Debug|Any CPU.Build.0 = Debug|Any CPU
		{563C906A-65F3-4990-8E3C-E262DA0218AF}.Release|Any CPU.ActiveCfg = Release|Any CPU
		{563C906A-65F3-4990-8E3C-E262DA0218AF}.Release|Any CPU.Build.0 = Release|Any CPU
		{0B831CB3-DE87-44A4-BB2A-7814EE7BCD18}.Debug|Any CPU.ActiveCfg = Debug|Any CPU
		{0B831CB3-DE87-44A4-BB2A-7814EE7BCD18}.Debug|Any CPU.Build.0 = Debug|Any CPU
		{0B831CB3-DE87-44A4-BB2A-7814EE7BCD18}.Release|Any CPU.ActiveCfg = Release|Any CPU
		{0B831CB3-DE87-44A4-BB2A-7814EE7BCD18}.Release|Any CPU.Build.0 = Release|Any CPU
	EndGlobalSection
	GlobalSection(SolutionProperties) = preSolution
		HideSolutionNode = FALSE
	EndGlobalSection
	GlobalSection(ExtensibilityGlobals) = postSolution
		SolutionGuid = {D279C706-F065-4285-93E6-FD76D20C015B}
	EndGlobalSection
EndGlobal
