
Microsoft Visual Studio Solution File, Format Version 12.00
# Visual Studio Version 16
VisualStudioVersion = 16.0.29306.81
MinimumVisualStudioVersion = 10.0.40219.1
Project("{FAE04EC0-301F-11D3-BF4B-00C04F79EFBC}") = "Services", "Services\Services.csproj", "{4DE89D89-3AD0-40D1-AD9B-B7D0C72FA6D5}"
EndProject
Project("{FAE04EC0-301F-11D3-BF4B-00C04F79EFBC}") = "Aylos.Xrm.Sdk", "..\Sdk\Aylos.Xrm.Sdk.csproj", "{9E78B43A-2DEE-4177-9EB8-FA6FF8E0F7EE}"
EndProject
Project("{FAE04EC0-301F-11D3-BF4B-00C04F79EFBC}") = "Models", "Models\Models.csproj", "{CBC789D4-B49B-453A-B5F4-25CFBF67B6A7}"
EndProject
Project("{FAE04EC0-301F-11D3-BF4B-00C04F79EFBC}") = "CompressFile", "CompressFile\CompressFile.csproj", "{B01ADA22-833C-4841-BBFF-2FE15694D328}"
EndProject
Project("{FAE04EC0-301F-11D3-BF4B-00C04F79EFBC}") = "DecompressFile", "DecompressFile\DecompressFile.csproj", "{170AD7B5-7515-4010-AA62-4ED358D487F7}"
EndProject
Project("{FAE04EC0-301F-11D3-BF4B-00C04F79EFBC}") = "DeleteSolution", "DeleteSolution\DeleteSolution.csproj", "{F35C2BA7-A21E-43FC-835B-71BFD849FBF2}"
EndProject
Project("{2150E333-8FDC-42A3-9474-1A3956D46DE8}") = "BuildTools", "BuildTools", "{2059C565-5108-4F2E-9E08-2C0B0FC87591}"
EndProject
Project("{2150E333-8FDC-42A3-9474-1A3956D46DE8}") = "Sdk", "Sdk", "{36972CD9-270D-4D43-924B-80597036AD20}"
EndProject
Project("{2150E333-8FDC-42A3-9474-1A3956D46DE8}") = "Models", "Models", "{EA5E3199-DEE2-49D4-8A08-7919D2D24E84}"
EndProject
Project("{2150E333-8FDC-42A3-9474-1A3956D46DE8}") = "Services", "Services", "{263F3C30-4C16-4E70-B49D-C44A51896DCA}"
EndProject
Project("{FAE04EC0-301F-11D3-BF4B-00C04F79EFBC}") = "ExportData", "ExportData\ExportData.csproj", "{C568551C-D56F-43C3-8AB2-84DD45E3EE1A}"
EndProject
Project("{FAE04EC0-301F-11D3-BF4B-00C04F79EFBC}") = "ExportSolution", "ExportSolution\ExportSolution.csproj", "{7632294C-38A9-4F6D-8E69-F6002AA07086}"
EndProject
Project("{FAE04EC0-301F-11D3-BF4B-00C04F79EFBC}") = "ExportWebFiles", "ExportWebFiles\ExportWebFiles.csproj", "{C2CCD032-2508-49D1-A7C9-5A0FE8686D27}"
EndProject
Project("{FAE04EC0-301F-11D3-BF4B-00C04F79EFBC}") = "HideData", "HideData\HideData.csproj", "{555D9D81-C041-4121-A6DD-8D152C8AE2ED}"
EndProject
Project("{FAE04EC0-301F-11D3-BF4B-00C04F79EFBC}") = "ImportData", "ImportData\ImportData.csproj", "{5D093BFA-A7B2-4ECB-909F-ACC0AAED0F72}"
EndProject
Project("{FAE04EC0-301F-11D3-BF4B-00C04F79EFBC}") = "ImportSolution", "ImportSolution\ImportSolution.csproj", "{639E2FB8-3087-461E-9516-EDE45A2B0B2E}"
EndProject
Project("{FAE04EC0-301F-11D3-BF4B-00C04F79EFBC}") = "PublishCustomizations", "PublishCustomizations\PublishCustomizations.csproj", "{19900F9E-2082-498D-94FD-95FF07701BFA}"
EndProject
Project("{FAE04EC0-301F-11D3-BF4B-00C04F79EFBC}") = "RemoveData", "RemoveData\RemoveData.csproj", "{EA704BE5-B93E-402C-A8AB-F9F0B212D120}"
EndProject
Project("{FAE04EC0-301F-11D3-BF4B-00C04F79EFBC}") = "ReplaceData", "ReplaceData\ReplaceData.csproj", "{6C189D07-6FCF-495C-9A8D-7AA36D16BDDA}"
EndProject
Project("{FAE04EC0-301F-11D3-BF4B-00C04F79EFBC}") = "UpdateData", "UpdateData\UpdateData.csproj", "{3026D998-3F96-4287-840A-4E15D8B0837A}"
EndProject
Project("{FAE04EC0-301F-11D3-BF4B-00C04F79EFBC}") = "UpdateOrganizationSetting", "UpdateOrganizationSetting\UpdateOrganizationSetting.csproj", "{5554DEE9-733A-4053-ADF0-0CAD468805A6}"
EndProject
Project("{FAE04EC0-301F-11D3-BF4B-00C04F79EFBC}") = "UpdateServiceEndpoint", "UpdateServiceEndpoint\UpdateServiceEndpoint.csproj", "{57C54F2B-4AEE-444F-B75B-7C05B7ED6969}"
EndProject
Project("{FAE04EC0-301F-11D3-BF4B-00C04F79EFBC}") = "UpdateSolutionVersion", "UpdateSolutionVersion\UpdateSolutionVersion.csproj", "{52D5BA4B-2421-4EBE-81FE-80E07581704C}"
EndProject
Project("{FAE04EC0-301F-11D3-BF4B-00C04F79EFBC}") = "UpdateWebFiles", "UpdateWebFiles\UpdateWebFiles.csproj", "{7B9971B4-14CD-4151-9120-BC591CFC49C8}"
EndProject
Project("{FAE04EC0-301F-11D3-BF4B-00C04F79EFBC}") = "UpdateWebTemplates", "UpdateWebTemplates\UpdateWebTemplates.csproj", "{504183E7-C193-4C46-95AA-ED2D40B27EA2}"
EndProject
Project("{FAE04EC0-301F-11D3-BF4B-00C04F79EFBC}") = "Aylos.Xrm.Sdk.CrmSvcUtilExtensions", "..\Sdk\CrmSvcUtilExtensions\Aylos.Xrm.Sdk.CrmSvcUtilExtensions.csproj", "{6C455E37-1BDA-478F-A23A-87626CDA2E23}"
EndProject
Project("{FAE04EC0-301F-11D3-BF4B-00C04F79EFBC}") = "RemoveSolutionComponent", "RemoveSolutionComponent\RemoveSolutionComponent.csproj", "{D5149C67-EC1A-4A48-BA64-3F9556446C3A}"
EndProject
Project("{FAE04EC0-301F-11D3-BF4B-00C04F79EFBC}") = "Scripts", "Scripts\Scripts.csproj", "{6E1F5306-0C6C-455C-ABB6-B34F51C7B54E}"
EndProject
Global
	GlobalSection(SolutionConfigurationPlatforms) = preSolution
		Debug|Any CPU = Debug|Any CPU
		Release|Any CPU = Release|Any CPU
	EndGlobalSection
	GlobalSection(ProjectConfigurationPlatforms) = postSolution
		{4DE89D89-3AD0-40D1-AD9B-B7D0C72FA6D5}.Debug|Any CPU.ActiveCfg = Debug|Any CPU
		{4DE89D89-3AD0-40D1-AD9B-B7D0C72FA6D5}.Debug|Any CPU.Build.0 = Debug|Any CPU
		{4DE89D89-3AD0-40D1-AD9B-B7D0C72FA6D5}.Release|Any CPU.ActiveCfg = Release|Any CPU
		{4DE89D89-3AD0-40D1-AD9B-B7D0C72FA6D5}.Release|Any CPU.Build.0 = Release|Any CPU
		{9E78B43A-2DEE-4177-9EB8-FA6FF8E0F7EE}.Debug|Any CPU.ActiveCfg = Debug|Any CPU
		{9E78B43A-2DEE-4177-9EB8-FA6FF8E0F7EE}.Debug|Any CPU.Build.0 = Debug|Any CPU
		{9E78B43A-2DEE-4177-9EB8-FA6FF8E0F7EE}.Release|Any CPU.ActiveCfg = Release|Any CPU
		{9E78B43A-2DEE-4177-9EB8-FA6FF8E0F7EE}.Release|Any CPU.Build.0 = Release|Any CPU
		{CBC789D4-B49B-453A-B5F4-25CFBF67B6A7}.Debug|Any CPU.ActiveCfg = Debug|Any CPU
		{CBC789D4-B49B-453A-B5F4-25CFBF67B6A7}.Debug|Any CPU.Build.0 = Debug|Any CPU
		{CBC789D4-B49B-453A-B5F4-25CFBF67B6A7}.Release|Any CPU.ActiveCfg = Release|Any CPU
		{CBC789D4-B49B-453A-B5F4-25CFBF67B6A7}.Release|Any CPU.Build.0 = Release|Any CPU
		{B01ADA22-833C-4841-BBFF-2FE15694D328}.Debug|Any CPU.ActiveCfg = Debug|Any CPU
		{B01ADA22-833C-4841-BBFF-2FE15694D328}.Debug|Any CPU.Build.0 = Debug|Any CPU
		{B01ADA22-833C-4841-BBFF-2FE15694D328}.Release|Any CPU.ActiveCfg = Release|Any CPU
		{B01ADA22-833C-4841-BBFF-2FE15694D328}.Release|Any CPU.Build.0 = Release|Any CPU
		{170AD7B5-7515-4010-AA62-4ED358D487F7}.Debug|Any CPU.ActiveCfg = Debug|Any CPU
		{170AD7B5-7515-4010-AA62-4ED358D487F7}.Debug|Any CPU.Build.0 = Debug|Any CPU
		{170AD7B5-7515-4010-AA62-4ED358D487F7}.Release|Any CPU.ActiveCfg = Release|Any CPU
		{170AD7B5-7515-4010-AA62-4ED358D487F7}.Release|Any CPU.Build.0 = Release|Any CPU
		{F35C2BA7-A21E-43FC-835B-71BFD849FBF2}.Debug|Any CPU.ActiveCfg = Debug|Any CPU
		{F35C2BA7-A21E-43FC-835B-71BFD849FBF2}.Debug|Any CPU.Build.0 = Debug|Any CPU
		{F35C2BA7-A21E-43FC-835B-71BFD849FBF2}.Release|Any CPU.ActiveCfg = Release|Any CPU
		{F35C2BA7-A21E-43FC-835B-71BFD849FBF2}.Release|Any CPU.Build.0 = Release|Any CPU
		{C568551C-D56F-43C3-8AB2-84DD45E3EE1A}.Debug|Any CPU.ActiveCfg = Debug|Any CPU
		{C568551C-D56F-43C3-8AB2-84DD45E3EE1A}.Debug|Any CPU.Build.0 = Debug|Any CPU
		{C568551C-D56F-43C3-8AB2-84DD45E3EE1A}.Release|Any CPU.ActiveCfg = Release|Any CPU
		{C568551C-D56F-43C3-8AB2-84DD45E3EE1A}.Release|Any CPU.Build.0 = Release|Any CPU
		{7632294C-38A9-4F6D-8E69-F6002AA07086}.Debug|Any CPU.ActiveCfg = Debug|Any CPU
		{7632294C-38A9-4F6D-8E69-F6002AA07086}.Debug|Any CPU.Build.0 = Debug|Any CPU
		{7632294C-38A9-4F6D-8E69-F6002AA07086}.Release|Any CPU.ActiveCfg = Release|Any CPU
		{7632294C-38A9-4F6D-8E69-F6002AA07086}.Release|Any CPU.Build.0 = Release|Any CPU
		{C2CCD032-2508-49D1-A7C9-5A0FE8686D27}.Debug|Any CPU.ActiveCfg = Debug|Any CPU
		{C2CCD032-2508-49D1-A7C9-5A0FE8686D27}.Debug|Any CPU.Build.0 = Debug|Any CPU
		{C2CCD032-2508-49D1-A7C9-5A0FE8686D27}.Release|Any CPU.ActiveCfg = Release|Any CPU
		{C2CCD032-2508-49D1-A7C9-5A0FE8686D27}.Release|Any CPU.Build.0 = Release|Any CPU
		{555D9D81-C041-4121-A6DD-8D152C8AE2ED}.Debug|Any CPU.ActiveCfg = Debug|Any CPU
		{555D9D81-C041-4121-A6DD-8D152C8AE2ED}.Debug|Any CPU.Build.0 = Debug|Any CPU
		{555D9D81-C041-4121-A6DD-8D152C8AE2ED}.Release|Any CPU.ActiveCfg = Release|Any CPU
		{555D9D81-C041-4121-A6DD-8D152C8AE2ED}.Release|Any CPU.Build.0 = Release|Any CPU
		{5D093BFA-A7B2-4ECB-909F-ACC0AAED0F72}.Debug|Any CPU.ActiveCfg = Debug|Any CPU
		{5D093BFA-A7B2-4ECB-909F-ACC0AAED0F72}.Debug|Any CPU.Build.0 = Debug|Any CPU
		{5D093BFA-A7B2-4ECB-909F-ACC0AAED0F72}.Release|Any CPU.ActiveCfg = Release|Any CPU
		{5D093BFA-A7B2-4ECB-909F-ACC0AAED0F72}.Release|Any CPU.Build.0 = Release|Any CPU
		{639E2FB8-3087-461E-9516-EDE45A2B0B2E}.Debug|Any CPU.ActiveCfg = Debug|Any CPU
		{639E2FB8-3087-461E-9516-EDE45A2B0B2E}.Debug|Any CPU.Build.0 = Debug|Any CPU
		{639E2FB8-3087-461E-9516-EDE45A2B0B2E}.Release|Any CPU.ActiveCfg = Release|Any CPU
		{639E2FB8-3087-461E-9516-EDE45A2B0B2E}.Release|Any CPU.Build.0 = Release|Any CPU
		{19900F9E-2082-498D-94FD-95FF07701BFA}.Debug|Any CPU.ActiveCfg = Debug|Any CPU
		{19900F9E-2082-498D-94FD-95FF07701BFA}.Debug|Any CPU.Build.0 = Debug|Any CPU
		{19900F9E-2082-498D-94FD-95FF07701BFA}.Release|Any CPU.ActiveCfg = Release|Any CPU
		{19900F9E-2082-498D-94FD-95FF07701BFA}.Release|Any CPU.Build.0 = Release|Any CPU
		{EA704BE5-B93E-402C-A8AB-F9F0B212D120}.Debug|Any CPU.ActiveCfg = Debug|Any CPU
		{EA704BE5-B93E-402C-A8AB-F9F0B212D120}.Debug|Any CPU.Build.0 = Debug|Any CPU
		{EA704BE5-B93E-402C-A8AB-F9F0B212D120}.Release|Any CPU.ActiveCfg = Release|Any CPU
		{EA704BE5-B93E-402C-A8AB-F9F0B212D120}.Release|Any CPU.Build.0 = Release|Any CPU
		{6C189D07-6FCF-495C-9A8D-7AA36D16BDDA}.Debug|Any CPU.ActiveCfg = Debug|Any CPU
		{6C189D07-6FCF-495C-9A8D-7AA36D16BDDA}.Debug|Any CPU.Build.0 = Debug|Any CPU
		{6C189D07-6FCF-495C-9A8D-7AA36D16BDDA}.Release|Any CPU.ActiveCfg = Release|Any CPU
		{6C189D07-6FCF-495C-9A8D-7AA36D16BDDA}.Release|Any CPU.Build.0 = Release|Any CPU
		{3026D998-3F96-4287-840A-4E15D8B0837A}.Debug|Any CPU.ActiveCfg = Debug|Any CPU
		{3026D998-3F96-4287-840A-4E15D8B0837A}.Debug|Any CPU.Build.0 = Debug|Any CPU
		{3026D998-3F96-4287-840A-4E15D8B0837A}.Release|Any CPU.ActiveCfg = Release|Any CPU
		{3026D998-3F96-4287-840A-4E15D8B0837A}.Release|Any CPU.Build.0 = Release|Any CPU
		{5554DEE9-733A-4053-ADF0-0CAD468805A6}.Debug|Any CPU.ActiveCfg = Debug|Any CPU
		{5554DEE9-733A-4053-ADF0-0CAD468805A6}.Debug|Any CPU.Build.0 = Debug|Any CPU
		{5554DEE9-733A-4053-ADF0-0CAD468805A6}.Release|Any CPU.ActiveCfg = Release|Any CPU
		{5554DEE9-733A-4053-ADF0-0CAD468805A6}.Release|Any CPU.Build.0 = Release|Any CPU
		{57C54F2B-4AEE-444F-B75B-7C05B7ED6969}.Debug|Any CPU.ActiveCfg = Debug|Any CPU
		{57C54F2B-4AEE-444F-B75B-7C05B7ED6969}.Debug|Any CPU.Build.0 = Debug|Any CPU
		{57C54F2B-4AEE-444F-B75B-7C05B7ED6969}.Release|Any CPU.ActiveCfg = Release|Any CPU
		{57C54F2B-4AEE-444F-B75B-7C05B7ED6969}.Release|Any CPU.Build.0 = Release|Any CPU
		{52D5BA4B-2421-4EBE-81FE-80E07581704C}.Debug|Any CPU.ActiveCfg = Debug|Any CPU
		{52D5BA4B-2421-4EBE-81FE-80E07581704C}.Debug|Any CPU.Build.0 = Debug|Any CPU
		{52D5BA4B-2421-4EBE-81FE-80E07581704C}.Release|Any CPU.ActiveCfg = Release|Any CPU
		{52D5BA4B-2421-4EBE-81FE-80E07581704C}.Release|Any CPU.Build.0 = Release|Any CPU
		{7B9971B4-14CD-4151-9120-BC591CFC49C8}.Debug|Any CPU.ActiveCfg = Debug|Any CPU
		{7B9971B4-14CD-4151-9120-BC591CFC49C8}.Debug|Any CPU.Build.0 = Debug|Any CPU
		{7B9971B4-14CD-4151-9120-BC591CFC49C8}.Release|Any CPU.ActiveCfg = Release|Any CPU
		{7B9971B4-14CD-4151-9120-BC591CFC49C8}.Release|Any CPU.Build.0 = Release|Any CPU
		{504183E7-C193-4C46-95AA-ED2D40B27EA2}.Debug|Any CPU.ActiveCfg = Debug|Any CPU
		{504183E7-C193-4C46-95AA-ED2D40B27EA2}.Debug|Any CPU.Build.0 = Debug|Any CPU
		{504183E7-C193-4C46-95AA-ED2D40B27EA2}.Release|Any CPU.ActiveCfg = Release|Any CPU
		{504183E7-C193-4C46-95AA-ED2D40B27EA2}.Release|Any CPU.Build.0 = Release|Any CPU
		{6C455E37-1BDA-478F-A23A-87626CDA2E23}.Debug|Any CPU.ActiveCfg = Debug|Any CPU
		{6C455E37-1BDA-478F-A23A-87626CDA2E23}.Debug|Any CPU.Build.0 = Debug|Any CPU
		{6C455E37-1BDA-478F-A23A-87626CDA2E23}.Release|Any CPU.ActiveCfg = Release|Any CPU
		{6C455E37-1BDA-478F-A23A-87626CDA2E23}.Release|Any CPU.Build.0 = Release|Any CPU
		{D5149C67-EC1A-4A48-BA64-3F9556446C3A}.Debug|Any CPU.ActiveCfg = Debug|Any CPU
		{D5149C67-EC1A-4A48-BA64-3F9556446C3A}.Debug|Any CPU.Build.0 = Debug|Any CPU
		{D5149C67-EC1A-4A48-BA64-3F9556446C3A}.Release|Any CPU.ActiveCfg = Release|Any CPU
		{D5149C67-EC1A-4A48-BA64-3F9556446C3A}.Release|Any CPU.Build.0 = Release|Any CPU
		{6E1F5306-0C6C-455C-ABB6-B34F51C7B54E}.Debug|Any CPU.ActiveCfg = Debug|Any CPU
		{6E1F5306-0C6C-455C-ABB6-B34F51C7B54E}.Release|Any CPU.ActiveCfg = Release|Any CPU
		{6E1F5306-0C6C-455C-ABB6-B34F51C7B54E}.Release|Any CPU.Build.0 = Release|Any CPU
	EndGlobalSection
	GlobalSection(SolutionProperties) = preSolution
		HideSolutionNode = FALSE
	EndGlobalSection
	GlobalSection(NestedProjects) = preSolution
		{4DE89D89-3AD0-40D1-AD9B-B7D0C72FA6D5} = {263F3C30-4C16-4E70-B49D-C44A51896DCA}
		{9E78B43A-2DEE-4177-9EB8-FA6FF8E0F7EE} = {36972CD9-270D-4D43-924B-80597036AD20}
		{CBC789D4-B49B-453A-B5F4-25CFBF67B6A7} = {EA5E3199-DEE2-49D4-8A08-7919D2D24E84}
		{B01ADA22-833C-4841-BBFF-2FE15694D328} = {2059C565-5108-4F2E-9E08-2C0B0FC87591}
		{170AD7B5-7515-4010-AA62-4ED358D487F7} = {2059C565-5108-4F2E-9E08-2C0B0FC87591}
		{F35C2BA7-A21E-43FC-835B-71BFD849FBF2} = {2059C565-5108-4F2E-9E08-2C0B0FC87591}
		{C568551C-D56F-43C3-8AB2-84DD45E3EE1A} = {2059C565-5108-4F2E-9E08-2C0B0FC87591}
		{7632294C-38A9-4F6D-8E69-F6002AA07086} = {2059C565-5108-4F2E-9E08-2C0B0FC87591}
		{C2CCD032-2508-49D1-A7C9-5A0FE8686D27} = {2059C565-5108-4F2E-9E08-2C0B0FC87591}
		{555D9D81-C041-4121-A6DD-8D152C8AE2ED} = {2059C565-5108-4F2E-9E08-2C0B0FC87591}
		{5D093BFA-A7B2-4ECB-909F-ACC0AAED0F72} = {2059C565-5108-4F2E-9E08-2C0B0FC87591}
		{639E2FB8-3087-461E-9516-EDE45A2B0B2E} = {2059C565-5108-4F2E-9E08-2C0B0FC87591}
		{19900F9E-2082-498D-94FD-95FF07701BFA} = {2059C565-5108-4F2E-9E08-2C0B0FC87591}
		{EA704BE5-B93E-402C-A8AB-F9F0B212D120} = {2059C565-5108-4F2E-9E08-2C0B0FC87591}
		{6C189D07-6FCF-495C-9A8D-7AA36D16BDDA} = {2059C565-5108-4F2E-9E08-2C0B0FC87591}
		{3026D998-3F96-4287-840A-4E15D8B0837A} = {2059C565-5108-4F2E-9E08-2C0B0FC87591}
		{5554DEE9-733A-4053-ADF0-0CAD468805A6} = {2059C565-5108-4F2E-9E08-2C0B0FC87591}
		{57C54F2B-4AEE-444F-B75B-7C05B7ED6969} = {2059C565-5108-4F2E-9E08-2C0B0FC87591}
		{52D5BA4B-2421-4EBE-81FE-80E07581704C} = {2059C565-5108-4F2E-9E08-2C0B0FC87591}
		{7B9971B4-14CD-4151-9120-BC591CFC49C8} = {2059C565-5108-4F2E-9E08-2C0B0FC87591}
		{504183E7-C193-4C46-95AA-ED2D40B27EA2} = {2059C565-5108-4F2E-9E08-2C0B0FC87591}
		{6C455E37-1BDA-478F-A23A-87626CDA2E23} = {36972CD9-270D-4D43-924B-80597036AD20}
		{D5149C67-EC1A-4A48-BA64-3F9556446C3A} = {2059C565-5108-4F2E-9E08-2C0B0FC87591}
		{6E1F5306-0C6C-455C-ABB6-B34F51C7B54E} = {2059C565-5108-4F2E-9E08-2C0B0FC87591}
	EndGlobalSection
	GlobalSection(ExtensibilityGlobals) = postSolution
		SolutionGuid = {E83B07BE-D607-48D8-9017-DC4F27429204}
	EndGlobalSection
EndGlobal
